
Microsoft Visual Studio Solution File, Format Version 12.00
# Visual Studio Version 17
VisualStudioVersion = 17.4.33213.308
MinimumVisualStudioVersion = 10.0.40219.1
Project("{9A19103F-16F7-4668-BE54-9A1E7A4F7556}") = "CFD-Demo", "CFD-Demo\CFD-Demo.csproj", "{EFC5B4AF-2F04-480C-9693-7FFD17CC66CB}"
EndProject
Global
	GlobalSection(SolutionConfigurationPlatforms) = preSolution
		Debug|Any CPU = Debug|Any CPU
		Release|Any CPU = Release|Any CPU
	EndGlobalSection
	GlobalSection(ProjectConfigurationPlatforms) = postSolution
		{EFC5B4AF-2F04-480C-9693-7FFD17CC66CB}.Debug|Any CPU.ActiveCfg = Debug|Any CPU
		{EFC5B4AF-2F04-480C-9693-7FFD17CC66CB}.Debug|Any CPU.Build.0 = Debug|Any CPU
		{EFC5B4AF-2F04-480C-9693-7FFD17CC66CB}.Release|Any CPU.ActiveCfg = Release|Any CPU
		{EFC5B4AF-2F04-480C-9693-7FFD17CC66CB}.Release|Any CPU.Build.0 = Release|Any CPU
	EndGlobalSection
	GlobalSection(SolutionProperties) = preSolution
		HideSolutionNode = FALSE
	EndGlobalSection
	GlobalSection(ExtensibilityGlobals) = postSolution
		SolutionGuid = {2EF870ED-B79A-487E-90C8-64D5E8290FA2}
	EndGlobalSection
EndGlobal
